
Microsoft Visual Studio Solution File, Format Version 12.00
# Visual Studio Version 17
VisualStudioVersion = 17.9.34728.123
MinimumVisualStudioVersion = 10.0.40219.1
Project("{9A19103F-16F7-4668-BE54-9A1E7A4F7556}") = "Odoo", "OdooRPC\Odoo.csproj", "{670BB7F1-ACE4-4383-95B2-19A51E154073}"
EndProject
Project("{9A19103F-16F7-4668-BE54-9A1E7A4F7556}") = "Test", "Test\Test.csproj", "{D899C854-99C4-449D-B8A2-9AD4A37941EB}"
EndProject
Global
	GlobalSection(SolutionConfigurationPlatforms) = preSolution
		Debug|Any CPU = Debug|Any CPU
		Release|Any CPU = Release|Any CPU
	EndGlobalSection
	GlobalSection(ProjectConfigurationPlatforms) = postSolution
		{670BB7F1-ACE4-4383-95B2-19A51E154073}.Debug|Any CPU.ActiveCfg = Debug|Any CPU
		{670BB7F1-ACE4-4383-95B2-19A51E154073}.Debug|Any CPU.Build.0 = Debug|Any CPU
		{670BB7F1-ACE4-4383-95B2-19A51E154073}.Release|Any CPU.ActiveCfg = Release|Any CPU
		{670BB7F1-ACE4-4383-95B2-19A51E154073}.Release|Any CPU.Build.0 = Release|Any CPU
		{D899C854-99C4-449D-B8A2-9AD4A37941EB}.Debug|Any CPU.ActiveCfg = Debug|Any CPU
		{D899C854-99C4-449D-B8A2-9AD4A37941EB}.Debug|Any CPU.Build.0 = Debug|Any CPU
		{D899C854-99C4-449D-B8A2-9AD4A37941EB}.Release|Any CPU.ActiveCfg = Release|Any CPU
		{D899C854-99C4-449D-B8A2-9AD4A37941EB}.Release|Any CPU.Build.0 = Release|Any CPU
	EndGlobalSection
	GlobalSection(SolutionProperties) = preSolution
		HideSolutionNode = FALSE
	EndGlobalSection
	GlobalSection(ExtensibilityGlobals) = postSolution
		SolutionGuid = {C38B45C6-97B1-4AC4-93AF-B2C9FCC721A1}
	EndGlobalSection
EndGlobal
